
Microsoft Visual Studio Solution File, Format Version 12.00
# Visual Studio Version 17
VisualStudioVersion = 17.10.34928.147
MinimumVisualStudioVersion = 10.0.40219.1
Project("{FAE04EC0-301F-11D3-BF4B-00C04F79EFBC}") = "AuthB2C", "AuthB2C\AuthB2C.csproj", "{06F1B226-39CE-4916-8974-21E72B15F4BC}"
EndProject
Global
	GlobalSection(SolutionConfigurationPlatforms) = preSolution
		Debug|Any CPU = Debug|Any CPU
		Release|Any CPU = Release|Any CPU
	EndGlobalSection
	GlobalSection(ProjectConfigurationPlatforms) = postSolution
		{06F1B226-39CE-4916-8974-21E72B15F4BC}.Debug|Any CPU.ActiveCfg = Debug|Any CPU
		{06F1B226-39CE-4916-8974-21E72B15F4BC}.Debug|Any CPU.Build.0 = Debug|Any CPU
		{06F1B226-39CE-4916-8974-21E72B15F4BC}.Release|Any CPU.ActiveCfg = Release|Any CPU
		{06F1B226-39CE-4916-8974-21E72B15F4BC}.Release|Any CPU.Build.0 = Release|Any CPU
	EndGlobalSection
	GlobalSection(SolutionProperties) = preSolution
		HideSolutionNode = FALSE
	EndGlobalSection
	GlobalSection(ExtensibilityGlobals) = postSolution
		SolutionGuid = {7A43AE5E-328D-438E-A00D-FE770FB229C2}
	EndGlobalSection
EndGlobal
